
Microsoft Visual Studio Solution File, Format Version 12.00
# Visual Studio Version 17
VisualStudioVersion = 17.0.31903.59
MinimumVisualStudioVersion = 10.0.40219.1
Project("{9A19103F-16F7-4668-BE54-9A1E7A4F7556}") = "Http2Server", "Http2Server\Http2Server.csproj", "{2A52E2A7-0A58-4152-BAFF-2673405970EF}"
EndProject
Project("{FAE04EC0-301F-11D3-BF4B-00C04F79EFBC}") = "Http2Client", "Http2Client\Http2Client.csproj", "{AB00EEE5-4852-4517-92A9-F8CAECB8BB87}"
EndProject
Global
	GlobalSection(SolutionConfigurationPlatforms) = preSolution
		Debug|Any CPU = Debug|Any CPU
		Release|Any CPU = Release|Any CPU
	EndGlobalSection
	GlobalSection(ProjectConfigurationPlatforms) = postSolution
		{2A52E2A7-0A58-4152-BAFF-2673405970EF}.Debug|Any CPU.ActiveCfg = Debug|Any CPU
		{2A52E2A7-0A58-4152-BAFF-2673405970EF}.Debug|Any CPU.Build.0 = Debug|Any CPU
		{2A52E2A7-0A58-4152-BAFF-2673405970EF}.Release|Any CPU.ActiveCfg = Release|Any CPU
		{2A52E2A7-0A58-4152-BAFF-2673405970EF}.Release|Any CPU.Build.0 = Release|Any CPU
		{AB00EEE5-4852-4517-92A9-F8CAECB8BB87}.Debug|Any CPU.ActiveCfg = Debug|Any CPU
		{AB00EEE5-4852-4517-92A9-F8CAECB8BB87}.Debug|Any CPU.Build.0 = Debug|Any CPU
		{AB00EEE5-4852-4517-92A9-F8CAECB8BB87}.Release|Any CPU.ActiveCfg = Release|Any CPU
		{AB00EEE5-4852-4517-92A9-F8CAECB8BB87}.Release|Any CPU.Build.0 = Release|Any CPU
	EndGlobalSection
	GlobalSection(SolutionProperties) = preSolution
		HideSolutionNode = FALSE
	EndGlobalSection
	GlobalSection(ExtensibilityGlobals) = postSolution
		SolutionGuid = {E5013980-5977-4F81-8787-552781C07B3D}
	EndGlobalSection
EndGlobal
