
Microsoft Visual Studio Solution File, Format Version 12.00
# Visual Studio Version 16
VisualStudioVersion = 16.0.28803.352
MinimumVisualStudioVersion = 10.0.40219.1
Project("{FAE04EC0-301F-11D3-BF4B-00C04F79EFBC}") = "SpecFlowExample", "SpecFlowExample\SpecFlowExample.csproj", "{EEB04C0F-5339-477E-A1E8-2C41ACD8A41C}"
EndProject
Global
	GlobalSection(SolutionConfigurationPlatforms) = preSolution
		Debug|Any CPU = Debug|Any CPU
		Release|Any CPU = Release|Any CPU
	EndGlobalSection
	GlobalSection(ProjectConfigurationPlatforms) = postSolution
		{EEB04C0F-5339-477E-A1E8-2C41ACD8A41C}.Debug|Any CPU.ActiveCfg = Debug|Any CPU
		{EEB04C0F-5339-477E-A1E8-2C41ACD8A41C}.Debug|Any CPU.Build.0 = Debug|Any CPU
		{EEB04C0F-5339-477E-A1E8-2C41ACD8A41C}.Release|Any CPU.ActiveCfg = Release|Any CPU
		{EEB04C0F-5339-477E-A1E8-2C41ACD8A41C}.Release|Any CPU.Build.0 = Release|Any CPU
	EndGlobalSection
	GlobalSection(SolutionProperties) = preSolution
		HideSolutionNode = FALSE
	EndGlobalSection
	GlobalSection(ExtensibilityGlobals) = postSolution
		SolutionGuid = {BB5C7FAD-CD59-40DC-B8F8-0B25CEF134B5}
	EndGlobalSection
EndGlobal
