
Microsoft Visual Studio Solution File, Format Version 12.00
# Visual Studio Version 17
VisualStudioVersion = 17.13.35919.96
MinimumVisualStudioVersion = 10.0.40219.1
Project("{FAE04EC0-301F-11D3-BF4B-00C04F79EFBC}") = "J6ChordSearcher", "J6ChordSearcher\J6ChordSearcher.csproj", "{8A1021B7-5C9B-498D-872A-366F5773A8E8}"
EndProject
Project("{FAE04EC0-301F-11D3-BF4B-00C04F79EFBC}") = "J6ChordSearcherSpecification", "J6ChordSearcherSpecification\J6ChordSearcherSpecification.csproj", "{BF575855-DAB7-43D3-BD59-9283ECA91104}"
EndProject
Global
	GlobalSection(SolutionConfigurationPlatforms) = preSolution
		Debug|Any CPU = Debug|Any CPU
		Release|Any CPU = Release|Any CPU
	EndGlobalSection
	GlobalSection(ProjectConfigurationPlatforms) = postSolution
		{8A1021B7-5C9B-498D-872A-366F5773A8E8}.Debug|Any CPU.ActiveCfg = Debug|Any CPU
		{8A1021B7-5C9B-498D-872A-366F5773A8E8}.Debug|Any CPU.Build.0 = Debug|Any CPU
		{8A1021B7-5C9B-498D-872A-366F5773A8E8}.Release|Any CPU.ActiveCfg = Release|Any CPU
		{8A1021B7-5C9B-498D-872A-366F5773A8E8}.Release|Any CPU.Build.0 = Release|Any CPU
		{BF575855-DAB7-43D3-BD59-9283ECA91104}.Debug|Any CPU.ActiveCfg = Debug|Any CPU
		{BF575855-DAB7-43D3-BD59-9283ECA91104}.Debug|Any CPU.Build.0 = Debug|Any CPU
		{BF575855-DAB7-43D3-BD59-9283ECA91104}.Release|Any CPU.ActiveCfg = Release|Any CPU
		{BF575855-DAB7-43D3-BD59-9283ECA91104}.Release|Any CPU.Build.0 = Release|Any CPU
	EndGlobalSection
	GlobalSection(SolutionProperties) = preSolution
		HideSolutionNode = FALSE
	EndGlobalSection
	GlobalSection(ExtensibilityGlobals) = postSolution
		SolutionGuid = {1807809F-7A15-4579-B58E-8638590C2BC4}
	EndGlobalSection
EndGlobal
