
Microsoft Visual Studio Solution File, Format Version 12.00
# Visual Studio Version 17
VisualStudioVersion = 17.4.33403.182
MinimumVisualStudioVersion = 10.0.40219.1
Project("{9A19103F-16F7-4668-BE54-9A1E7A4F7556}") = "KataTrainReservationTddEbook", "KataTrainReservationTddEbook\KataTrainReservationTddEbook.csproj", "{2D4097F6-8FB3-409B-A25E-28F6D9F96719}"
EndProject
Project("{FAE04EC0-301F-11D3-BF4B-00C04F79EFBC}") = "TrainReservationService", "TrainReservationService\TrainReservationService.csproj", "{EBA5C3D7-B407-4053-A2C9-DEA676B701E0}"
EndProject
Project("{FAE04EC0-301F-11D3-BF4B-00C04F79EFBC}") = "TrainReservationServiceSpecification", "TrainReservationServiceSpecification\TrainReservationServiceSpecification.csproj", "{0D1CB21F-1B3B-4F59-87AF-D699D8B69884}"
EndProject
Global
	GlobalSection(SolutionConfigurationPlatforms) = preSolution
		Debug|Any CPU = Debug|Any CPU
		Release|Any CPU = Release|Any CPU
	EndGlobalSection
	GlobalSection(ProjectConfigurationPlatforms) = postSolution
		{2D4097F6-8FB3-409B-A25E-28F6D9F96719}.Debug|Any CPU.ActiveCfg = Debug|Any CPU
		{2D4097F6-8FB3-409B-A25E-28F6D9F96719}.Debug|Any CPU.Build.0 = Debug|Any CPU
		{2D4097F6-8FB3-409B-A25E-28F6D9F96719}.Release|Any CPU.ActiveCfg = Release|Any CPU
		{2D4097F6-8FB3-409B-A25E-28F6D9F96719}.Release|Any CPU.Build.0 = Release|Any CPU
		{EBA5C3D7-B407-4053-A2C9-DEA676B701E0}.Debug|Any CPU.ActiveCfg = Debug|Any CPU
		{EBA5C3D7-B407-4053-A2C9-DEA676B701E0}.Debug|Any CPU.Build.0 = Debug|Any CPU
		{EBA5C3D7-B407-4053-A2C9-DEA676B701E0}.Release|Any CPU.ActiveCfg = Release|Any CPU
		{EBA5C3D7-B407-4053-A2C9-DEA676B701E0}.Release|Any CPU.Build.0 = Release|Any CPU
		{0D1CB21F-1B3B-4F59-87AF-D699D8B69884}.Debug|Any CPU.ActiveCfg = Debug|Any CPU
		{0D1CB21F-1B3B-4F59-87AF-D699D8B69884}.Debug|Any CPU.Build.0 = Debug|Any CPU
		{0D1CB21F-1B3B-4F59-87AF-D699D8B69884}.Release|Any CPU.ActiveCfg = Release|Any CPU
		{0D1CB21F-1B3B-4F59-87AF-D699D8B69884}.Release|Any CPU.Build.0 = Release|Any CPU
	EndGlobalSection
	GlobalSection(SolutionProperties) = preSolution
		HideSolutionNode = FALSE
	EndGlobalSection
	GlobalSection(ExtensibilityGlobals) = postSolution
		SolutionGuid = {8C725769-D34C-4A94-A8AB-015CB486193D}
	EndGlobalSection
EndGlobal
