
Microsoft Visual Studio Solution File, Format Version 12.00
# Visual Studio Version 17
VisualStudioVersion = 17.0.31808.319
MinimumVisualStudioVersion = 10.0.40219.1
Project("{9A19103F-16F7-4668-BE54-9A1E7A4F7556}") = "CSharpTricks", "CSharpTricks\CSharpTricks.csproj", "{6C0301A4-6447-4761-BE69-A558D54649F7}"
EndProject
Project("{FAE04EC0-301F-11D3-BF4B-00C04F79EFBC}") = "TestProject1", "TestProject1\TestProject1.csproj", "{DF71535F-D9BB-4EE3-83A0-1BB900F04A78}"
EndProject
Global
	GlobalSection(SolutionConfigurationPlatforms) = preSolution
		Debug|Any CPU = Debug|Any CPU
		Release|Any CPU = Release|Any CPU
	EndGlobalSection
	GlobalSection(ProjectConfigurationPlatforms) = postSolution
		{6C0301A4-6447-4761-BE69-A558D54649F7}.Debug|Any CPU.ActiveCfg = Debug|Any CPU
		{6C0301A4-6447-4761-BE69-A558D54649F7}.Debug|Any CPU.Build.0 = Debug|Any CPU
		{6C0301A4-6447-4761-BE69-A558D54649F7}.Release|Any CPU.ActiveCfg = Release|Any CPU
		{6C0301A4-6447-4761-BE69-A558D54649F7}.Release|Any CPU.Build.0 = Release|Any CPU
		{DF71535F-D9BB-4EE3-83A0-1BB900F04A78}.Debug|Any CPU.ActiveCfg = Debug|Any CPU
		{DF71535F-D9BB-4EE3-83A0-1BB900F04A78}.Debug|Any CPU.Build.0 = Debug|Any CPU
		{DF71535F-D9BB-4EE3-83A0-1BB900F04A78}.Release|Any CPU.ActiveCfg = Release|Any CPU
		{DF71535F-D9BB-4EE3-83A0-1BB900F04A78}.Release|Any CPU.Build.0 = Release|Any CPU
	EndGlobalSection
	GlobalSection(SolutionProperties) = preSolution
		HideSolutionNode = FALSE
	EndGlobalSection
	GlobalSection(ExtensibilityGlobals) = postSolution
		SolutionGuid = {FD478963-D6A6-4FFE-BC34-C41AF1ED7768}
	EndGlobalSection
EndGlobal
