
Microsoft Visual Studio Solution File, Format Version 12.00
# Visual Studio Version 16
VisualStudioVersion = 16.0.29020.237
MinimumVisualStudioVersion = 10.0.40219.1
Project("{FAE04EC0-301F-11D3-BF4B-00C04F79EFBC}") = "AutomatedRefactorings", "AutomatedRefactorings\AutomatedRefactorings.csproj", "{0238F0A4-2EE9-4141-B0C7-EADC36866CFD}"
EndProject
Project("{FAE04EC0-301F-11D3-BF4B-00C04F79EFBC}") = "TestProject", "TestProject\TestProject.csproj", "{42C1A837-70DE-4B43-8468-00A2D091A4E2}"
EndProject
Global
	GlobalSection(SolutionConfigurationPlatforms) = preSolution
		Debug|Any CPU = Debug|Any CPU
		Release|Any CPU = Release|Any CPU
	EndGlobalSection
	GlobalSection(ProjectConfigurationPlatforms) = postSolution
		{0238F0A4-2EE9-4141-B0C7-EADC36866CFD}.Debug|Any CPU.ActiveCfg = Debug|Any CPU
		{0238F0A4-2EE9-4141-B0C7-EADC36866CFD}.Debug|Any CPU.Build.0 = Debug|Any CPU
		{0238F0A4-2EE9-4141-B0C7-EADC36866CFD}.Release|Any CPU.ActiveCfg = Release|Any CPU
		{0238F0A4-2EE9-4141-B0C7-EADC36866CFD}.Release|Any CPU.Build.0 = Release|Any CPU
		{42C1A837-70DE-4B43-8468-00A2D091A4E2}.Debug|Any CPU.ActiveCfg = Debug|Any CPU
		{42C1A837-70DE-4B43-8468-00A2D091A4E2}.Debug|Any CPU.Build.0 = Debug|Any CPU
		{42C1A837-70DE-4B43-8468-00A2D091A4E2}.Release|Any CPU.ActiveCfg = Release|Any CPU
		{42C1A837-70DE-4B43-8468-00A2D091A4E2}.Release|Any CPU.Build.0 = Release|Any CPU
	EndGlobalSection
	GlobalSection(SolutionProperties) = preSolution
		HideSolutionNode = FALSE
	EndGlobalSection
	GlobalSection(ExtensibilityGlobals) = postSolution
		SolutionGuid = {9BA1BF32-FB02-44F0-AFA4-A7FB311DE1BC}
	EndGlobalSection
EndGlobal
