
Microsoft Visual Studio Solution File, Format Version 12.00
# Visual Studio Version 16
VisualStudioVersion = 16.0.31424.327
MinimumVisualStudioVersion = 10.0.40219.1
Project("{9A19103F-16F7-4668-BE54-9A1E7A4F7556}") = "ModularMonolith", "ModularMonolith\ModularMonolith.csproj", "{F733EE2E-E50E-4CB9-996B-AA174B63249C}"
EndProject
Project("{9A19103F-16F7-4668-BE54-9A1E7A4F7556}") = "ShopModule", "ShopModule\ShopModule.csproj", "{7B868956-995C-4746-BC82-EDBFB3A9A751}"
EndProject
Project("{9A19103F-16F7-4668-BE54-9A1E7A4F7556}") = "WarehouseModule", "WarehouseModule\WarehouseModule.csproj", "{FA94090F-4321-4BDB-937C-B8F4D518CEB4}"
EndProject
Global
	GlobalSection(SolutionConfigurationPlatforms) = preSolution
		Debug|Any CPU = Debug|Any CPU
		Release|Any CPU = Release|Any CPU
	EndGlobalSection
	GlobalSection(ProjectConfigurationPlatforms) = postSolution
		{F733EE2E-E50E-4CB9-996B-AA174B63249C}.Debug|Any CPU.ActiveCfg = Debug|Any CPU
		{F733EE2E-E50E-4CB9-996B-AA174B63249C}.Debug|Any CPU.Build.0 = Debug|Any CPU
		{F733EE2E-E50E-4CB9-996B-AA174B63249C}.Release|Any CPU.ActiveCfg = Release|Any CPU
		{F733EE2E-E50E-4CB9-996B-AA174B63249C}.Release|Any CPU.Build.0 = Release|Any CPU
		{7B868956-995C-4746-BC82-EDBFB3A9A751}.Debug|Any CPU.ActiveCfg = Debug|Any CPU
		{7B868956-995C-4746-BC82-EDBFB3A9A751}.Debug|Any CPU.Build.0 = Debug|Any CPU
		{7B868956-995C-4746-BC82-EDBFB3A9A751}.Release|Any CPU.ActiveCfg = Release|Any CPU
		{7B868956-995C-4746-BC82-EDBFB3A9A751}.Release|Any CPU.Build.0 = Release|Any CPU
		{FA94090F-4321-4BDB-937C-B8F4D518CEB4}.Debug|Any CPU.ActiveCfg = Debug|Any CPU
		{FA94090F-4321-4BDB-937C-B8F4D518CEB4}.Debug|Any CPU.Build.0 = Debug|Any CPU
		{FA94090F-4321-4BDB-937C-B8F4D518CEB4}.Release|Any CPU.ActiveCfg = Release|Any CPU
		{FA94090F-4321-4BDB-937C-B8F4D518CEB4}.Release|Any CPU.Build.0 = Release|Any CPU
	EndGlobalSection
	GlobalSection(SolutionProperties) = preSolution
		HideSolutionNode = FALSE
	EndGlobalSection
	GlobalSection(ExtensibilityGlobals) = postSolution
		SolutionGuid = {7FC9A40E-11B9-4212-BC6C-C9E36D7B61C5}
	EndGlobalSection
EndGlobal
