
Microsoft Visual Studio Solution File, Format Version 12.00
# Visual Studio 14
VisualStudioVersion = 14.0.22609.0
MinimumVisualStudioVersion = 10.0.40219.1
Project("{FAE04EC0-301F-11D3-BF4B-00C04F79EFBC}") = "AtmaFileSystem", "AtmaFileSystem\AtmaFileSystem.csproj", "{B7C1CFA8-1618-4A56-A331-145E39D255BB}"
EndProject
Project("{FAE04EC0-301F-11D3-BF4B-00C04F79EFBC}") = "AtmaFileSystemSpecification", "AtmaFileSystemSpecification\AtmaFileSystemSpecification.csproj", "{413B79D2-035E-42DE-A615-94C47CB1122D}"
EndProject
Global
	GlobalSection(SolutionConfigurationPlatforms) = preSolution
		Debug|Any CPU = Debug|Any CPU
		Release|Any CPU = Release|Any CPU
	EndGlobalSection
	GlobalSection(ProjectConfigurationPlatforms) = postSolution
		{B7C1CFA8-1618-4A56-A331-145E39D255BB}.Debug|Any CPU.ActiveCfg = Debug|Any CPU
		{B7C1CFA8-1618-4A56-A331-145E39D255BB}.Debug|Any CPU.Build.0 = Debug|Any CPU
		{B7C1CFA8-1618-4A56-A331-145E39D255BB}.Release|Any CPU.ActiveCfg = Release|Any CPU
		{B7C1CFA8-1618-4A56-A331-145E39D255BB}.Release|Any CPU.Build.0 = Release|Any CPU
		{413B79D2-035E-42DE-A615-94C47CB1122D}.Debug|Any CPU.ActiveCfg = Debug|Any CPU
		{413B79D2-035E-42DE-A615-94C47CB1122D}.Debug|Any CPU.Build.0 = Debug|Any CPU
		{413B79D2-035E-42DE-A615-94C47CB1122D}.Release|Any CPU.ActiveCfg = Release|Any CPU
		{413B79D2-035E-42DE-A615-94C47CB1122D}.Release|Any CPU.Build.0 = Release|Any CPU
	EndGlobalSection
	GlobalSection(SolutionProperties) = preSolution
		HideSolutionNode = FALSE
	EndGlobalSection
EndGlobal
