
Microsoft Visual Studio Solution File, Format Version 12.00
# Visual Studio 15
VisualStudioVersion = 15.0.28307.421
MinimumVisualStudioVersion = 10.0.40219.1
Project("{FAE04EC0-301F-11D3-BF4B-00C04F79EFBC}") = "PloehKata", "PloehKata\PloehKata.csproj", "{4B9B7399-12C7-42FF-8779-704B1011769E}"
EndProject
Project("{FAE04EC0-301F-11D3-BF4B-00C04F79EFBC}") = "PloehKataSpecification", "PloehKataSpecification\PloehKataSpecification.csproj", "{E99B9F0C-2104-44B7-97B4-88898CE58FB9}"
EndProject
Global
	GlobalSection(SolutionConfigurationPlatforms) = preSolution
		Debug|Any CPU = Debug|Any CPU
		Release|Any CPU = Release|Any CPU
	EndGlobalSection
	GlobalSection(ProjectConfigurationPlatforms) = postSolution
		{4B9B7399-12C7-42FF-8779-704B1011769E}.Debug|Any CPU.ActiveCfg = Debug|Any CPU
		{4B9B7399-12C7-42FF-8779-704B1011769E}.Debug|Any CPU.Build.0 = Debug|Any CPU
		{4B9B7399-12C7-42FF-8779-704B1011769E}.Release|Any CPU.ActiveCfg = Release|Any CPU
		{4B9B7399-12C7-42FF-8779-704B1011769E}.Release|Any CPU.Build.0 = Release|Any CPU
		{E99B9F0C-2104-44B7-97B4-88898CE58FB9}.Debug|Any CPU.ActiveCfg = Debug|Any CPU
		{E99B9F0C-2104-44B7-97B4-88898CE58FB9}.Debug|Any CPU.Build.0 = Debug|Any CPU
		{E99B9F0C-2104-44B7-97B4-88898CE58FB9}.Release|Any CPU.ActiveCfg = Release|Any CPU
		{E99B9F0C-2104-44B7-97B4-88898CE58FB9}.Release|Any CPU.Build.0 = Release|Any CPU
	EndGlobalSection
	GlobalSection(SolutionProperties) = preSolution
		HideSolutionNode = FALSE
	EndGlobalSection
	GlobalSection(ExtensibilityGlobals) = postSolution
		SolutionGuid = {F3AAB149-5037-4DEE-A908-22939B43A404}
	EndGlobalSection
EndGlobal
