
Microsoft Visual Studio Solution File, Format Version 12.00
# Visual Studio 15
VisualStudioVersion = 15.0.28010.2050
MinimumVisualStudioVersion = 10.0.40219.1
Project("{9A19103F-16F7-4668-BE54-9A1E7A4F7556}") = "GameStoreBot", "MyBot\Bot Builder Echo Bot V4\GameStoreBot.csproj", "{585BD21B-7B17-489D-9E5F-7CB654AAB801}"
EndProject
Project("{9A19103F-16F7-4668-BE54-9A1E7A4F7556}") = "BotLogic", "BotLogic\BotLogic.csproj", "{40F42DAB-43B6-4225-A9CA-FC1883133A80}"
EndProject
Project("{FAE04EC0-301F-11D3-BF4B-00C04F79EFBC}") = "ComponentSpecification", "ComponentSpecification\ComponentSpecification.csproj", "{F3CB5985-9E77-4E72-A1CD-64C0A2BAFE92}"
EndProject
Global
	GlobalSection(SolutionConfigurationPlatforms) = preSolution
		Debug|Any CPU = Debug|Any CPU
		Release|Any CPU = Release|Any CPU
	EndGlobalSection
	GlobalSection(ProjectConfigurationPlatforms) = postSolution
		{585BD21B-7B17-489D-9E5F-7CB654AAB801}.Debug|Any CPU.ActiveCfg = Debug|Any CPU
		{585BD21B-7B17-489D-9E5F-7CB654AAB801}.Debug|Any CPU.Build.0 = Debug|Any CPU
		{585BD21B-7B17-489D-9E5F-7CB654AAB801}.Release|Any CPU.ActiveCfg = Release|Any CPU
		{585BD21B-7B17-489D-9E5F-7CB654AAB801}.Release|Any CPU.Build.0 = Release|Any CPU
		{40F42DAB-43B6-4225-A9CA-FC1883133A80}.Debug|Any CPU.ActiveCfg = Debug|Any CPU
		{40F42DAB-43B6-4225-A9CA-FC1883133A80}.Debug|Any CPU.Build.0 = Debug|Any CPU
		{40F42DAB-43B6-4225-A9CA-FC1883133A80}.Release|Any CPU.ActiveCfg = Release|Any CPU
		{40F42DAB-43B6-4225-A9CA-FC1883133A80}.Release|Any CPU.Build.0 = Release|Any CPU
		{F3CB5985-9E77-4E72-A1CD-64C0A2BAFE92}.Debug|Any CPU.ActiveCfg = Debug|Any CPU
		{F3CB5985-9E77-4E72-A1CD-64C0A2BAFE92}.Debug|Any CPU.Build.0 = Debug|Any CPU
		{F3CB5985-9E77-4E72-A1CD-64C0A2BAFE92}.Release|Any CPU.ActiveCfg = Release|Any CPU
		{F3CB5985-9E77-4E72-A1CD-64C0A2BAFE92}.Release|Any CPU.Build.0 = Release|Any CPU
	EndGlobalSection
	GlobalSection(SolutionProperties) = preSolution
		HideSolutionNode = FALSE
	EndGlobalSection
	GlobalSection(ExtensibilityGlobals) = postSolution
		SolutionGuid = {D24268E8-0A0B-497A-B76D-2F55C42FC56B}
	EndGlobalSection
EndGlobal
