
Microsoft Visual Studio Solution File, Format Version 12.00
# Visual Studio 15
VisualStudioVersion = 15.0.28010.2050
MinimumVisualStudioVersion = 10.0.40219.1
Project("{FAE04EC0-301F-11D3-BF4B-00C04F79EFBC}") = "Bot Builder Echo Bot V4", "MyBot\Bot Builder Echo Bot V4\Bot Builder Echo Bot V4.csproj", "{585BD21B-7B17-489D-9E5F-7CB654AAB801}"
EndProject
Project("{FAE04EC0-301F-11D3-BF4B-00C04F79EFBC}") = "Bot Builder Basic Bot V4", "MyBot\Bot Builder Basic Bot V4\Bot Builder Basic Bot V4.csproj", "{663BABD2-2B13-439A-81BA-E7CC6A9488A9}"
EndProject
Global
	GlobalSection(SolutionConfigurationPlatforms) = preSolution
		Debug|Any CPU = Debug|Any CPU
		Release|Any CPU = Release|Any CPU
	EndGlobalSection
	GlobalSection(ProjectConfigurationPlatforms) = postSolution
		{585BD21B-7B17-489D-9E5F-7CB654AAB801}.Debug|Any CPU.ActiveCfg = Debug|Any CPU
		{585BD21B-7B17-489D-9E5F-7CB654AAB801}.Debug|Any CPU.Build.0 = Debug|Any CPU
		{585BD21B-7B17-489D-9E5F-7CB654AAB801}.Release|Any CPU.ActiveCfg = Release|Any CPU
		{585BD21B-7B17-489D-9E5F-7CB654AAB801}.Release|Any CPU.Build.0 = Release|Any CPU
		{663BABD2-2B13-439A-81BA-E7CC6A9488A9}.Debug|Any CPU.ActiveCfg = Debug|Any CPU
		{663BABD2-2B13-439A-81BA-E7CC6A9488A9}.Debug|Any CPU.Build.0 = Debug|Any CPU
		{663BABD2-2B13-439A-81BA-E7CC6A9488A9}.Release|Any CPU.ActiveCfg = Release|Any CPU
		{663BABD2-2B13-439A-81BA-E7CC6A9488A9}.Release|Any CPU.Build.0 = Release|Any CPU
	EndGlobalSection
	GlobalSection(SolutionProperties) = preSolution
		HideSolutionNode = FALSE
	EndGlobalSection
	GlobalSection(ExtensibilityGlobals) = postSolution
		SolutionGuid = {D24268E8-0A0B-497A-B76D-2F55C42FC56B}
	EndGlobalSection
EndGlobal
