
Microsoft Visual Studio Solution File, Format Version 12.00
# Visual Studio 15
VisualStudioVersion = 15.0.28010.2050
MinimumVisualStudioVersion = 10.0.40219.1
Project("{FAE04EC0-301F-11D3-BF4B-00C04F79EFBC}") = "NullIssues", "NullIssues\NullIssues.csproj", "{DD30B50C-AE44-4B2C-ACA3-FB3CDA8C312B}"
EndProject
Project("{FAE04EC0-301F-11D3-BF4B-00C04F79EFBC}") = "NullAsFlag", "NullAsFlag\NullAsFlag.csproj", "{12E819A4-5303-4242-B05B-C2B8B5F5F4B2}"
EndProject
Project("{FAE04EC0-301F-11D3-BF4B-00C04F79EFBC}") = "NullAsFlagRefactored", "NullAsFlagRefactored\NullAsFlagRefactored.csproj", "{35A519F0-2976-47A9-9A52-661A1305BDB1}"
EndProject
Project("{FAE04EC0-301F-11D3-BF4B-00C04F79EFBC}") = "NullAsError", "NullAsError\NullAsError.csproj", "{B97F20E5-1CBF-4BF0-8869-3BF2DFBB41D0}"
EndProject
Project("{FAE04EC0-301F-11D3-BF4B-00C04F79EFBC}") = "NullAsErrorRefactored", "NullAsErrorRefactored\NullAsErrorRefactored.csproj", "{7602C052-8BFA-4299-BE4C-EC27D66D0796}"
EndProject
Project("{FAE04EC0-301F-11D3-BF4B-00C04F79EFBC}") = "NullAsNothing", "NullAsNothing\NullAsNothing.csproj", "{92D986A6-5BD4-4E53-8B1A-44790A35280A}"
EndProject
Project("{FAE04EC0-301F-11D3-BF4B-00C04F79EFBC}") = "NullAsNothingRefactored", "NullAsNothingRefactored\NullAsNothingRefactored.csproj", "{B90714BE-7C34-454D-A17D-2BE2C6FB4477}"
EndProject
Global
	GlobalSection(SolutionConfigurationPlatforms) = preSolution
		Debug|Any CPU = Debug|Any CPU
		Release|Any CPU = Release|Any CPU
	EndGlobalSection
	GlobalSection(ProjectConfigurationPlatforms) = postSolution
		{DD30B50C-AE44-4B2C-ACA3-FB3CDA8C312B}.Debug|Any CPU.ActiveCfg = Debug|Any CPU
		{DD30B50C-AE44-4B2C-ACA3-FB3CDA8C312B}.Debug|Any CPU.Build.0 = Debug|Any CPU
		{DD30B50C-AE44-4B2C-ACA3-FB3CDA8C312B}.Release|Any CPU.ActiveCfg = Release|Any CPU
		{DD30B50C-AE44-4B2C-ACA3-FB3CDA8C312B}.Release|Any CPU.Build.0 = Release|Any CPU
		{12E819A4-5303-4242-B05B-C2B8B5F5F4B2}.Debug|Any CPU.ActiveCfg = Debug|Any CPU
		{12E819A4-5303-4242-B05B-C2B8B5F5F4B2}.Debug|Any CPU.Build.0 = Debug|Any CPU
		{12E819A4-5303-4242-B05B-C2B8B5F5F4B2}.Release|Any CPU.ActiveCfg = Release|Any CPU
		{12E819A4-5303-4242-B05B-C2B8B5F5F4B2}.Release|Any CPU.Build.0 = Release|Any CPU
		{35A519F0-2976-47A9-9A52-661A1305BDB1}.Debug|Any CPU.ActiveCfg = Debug|Any CPU
		{35A519F0-2976-47A9-9A52-661A1305BDB1}.Debug|Any CPU.Build.0 = Debug|Any CPU
		{35A519F0-2976-47A9-9A52-661A1305BDB1}.Release|Any CPU.ActiveCfg = Release|Any CPU
		{35A519F0-2976-47A9-9A52-661A1305BDB1}.Release|Any CPU.Build.0 = Release|Any CPU
		{B97F20E5-1CBF-4BF0-8869-3BF2DFBB41D0}.Debug|Any CPU.ActiveCfg = Debug|Any CPU
		{B97F20E5-1CBF-4BF0-8869-3BF2DFBB41D0}.Debug|Any CPU.Build.0 = Debug|Any CPU
		{B97F20E5-1CBF-4BF0-8869-3BF2DFBB41D0}.Release|Any CPU.ActiveCfg = Release|Any CPU
		{B97F20E5-1CBF-4BF0-8869-3BF2DFBB41D0}.Release|Any CPU.Build.0 = Release|Any CPU
		{7602C052-8BFA-4299-BE4C-EC27D66D0796}.Debug|Any CPU.ActiveCfg = Debug|Any CPU
		{7602C052-8BFA-4299-BE4C-EC27D66D0796}.Debug|Any CPU.Build.0 = Debug|Any CPU
		{7602C052-8BFA-4299-BE4C-EC27D66D0796}.Release|Any CPU.ActiveCfg = Release|Any CPU
		{7602C052-8BFA-4299-BE4C-EC27D66D0796}.Release|Any CPU.Build.0 = Release|Any CPU
		{92D986A6-5BD4-4E53-8B1A-44790A35280A}.Debug|Any CPU.ActiveCfg = Debug|Any CPU
		{92D986A6-5BD4-4E53-8B1A-44790A35280A}.Debug|Any CPU.Build.0 = Debug|Any CPU
		{92D986A6-5BD4-4E53-8B1A-44790A35280A}.Release|Any CPU.ActiveCfg = Release|Any CPU
		{92D986A6-5BD4-4E53-8B1A-44790A35280A}.Release|Any CPU.Build.0 = Release|Any CPU
		{B90714BE-7C34-454D-A17D-2BE2C6FB4477}.Debug|Any CPU.ActiveCfg = Debug|Any CPU
		{B90714BE-7C34-454D-A17D-2BE2C6FB4477}.Debug|Any CPU.Build.0 = Debug|Any CPU
		{B90714BE-7C34-454D-A17D-2BE2C6FB4477}.Release|Any CPU.ActiveCfg = Release|Any CPU
		{B90714BE-7C34-454D-A17D-2BE2C6FB4477}.Release|Any CPU.Build.0 = Release|Any CPU
	EndGlobalSection
	GlobalSection(SolutionProperties) = preSolution
		HideSolutionNode = FALSE
	EndGlobalSection
	GlobalSection(ExtensibilityGlobals) = postSolution
		SolutionGuid = {DA809F8B-A958-44E3-8AE0-45A6B7F7DB88}
	EndGlobalSection
EndGlobal
