
Microsoft Visual Studio Solution File, Format Version 12.00
# Visual Studio 2012
Project("{FAE04EC0-301F-11D3-BF4B-00C04F79EFBC}") = "DependencyInjection", "DependencyInjection\DependencyInjection.csproj", "{D5987ECE-D625-4155-90CF-D5494BC686AC}"
EndProject
Project("{FAE04EC0-301F-11D3-BF4B-00C04F79EFBC}") = "ServiceLocatorDIAntipattern", "ServiceLocatorDIAntipattern\ServiceLocatorDIAntipattern.csproj", "{ABD6A39F-9BBB-4FBC-800D-34E004834544}"
EndProject
Project("{FAE04EC0-301F-11D3-BF4B-00C04F79EFBC}") = "ConformingContainerAntipattern", "ConformingContainerAntipattern\ConformingContainerAntipattern.csproj", "{54AE2D4E-DF8B-4569-B1B1-5A42A22A5A1F}"
EndProject
Project("{FAE04EC0-301F-11D3-BF4B-00C04F79EFBC}") = "BastardInjection", "BastardInjection\BastardInjection.csproj", "{D72B425B-9950-4738-AC46-A3FABA32986F}"
EndProject
Global
	GlobalSection(SolutionConfigurationPlatforms) = preSolution
		Debug|Any CPU = Debug|Any CPU
		Release|Any CPU = Release|Any CPU
	EndGlobalSection
	GlobalSection(ProjectConfigurationPlatforms) = postSolution
		{D5987ECE-D625-4155-90CF-D5494BC686AC}.Debug|Any CPU.ActiveCfg = Debug|Any CPU
		{D5987ECE-D625-4155-90CF-D5494BC686AC}.Debug|Any CPU.Build.0 = Debug|Any CPU
		{D5987ECE-D625-4155-90CF-D5494BC686AC}.Release|Any CPU.ActiveCfg = Release|Any CPU
		{D5987ECE-D625-4155-90CF-D5494BC686AC}.Release|Any CPU.Build.0 = Release|Any CPU
		{ABD6A39F-9BBB-4FBC-800D-34E004834544}.Debug|Any CPU.ActiveCfg = Debug|Any CPU
		{ABD6A39F-9BBB-4FBC-800D-34E004834544}.Debug|Any CPU.Build.0 = Debug|Any CPU
		{ABD6A39F-9BBB-4FBC-800D-34E004834544}.Release|Any CPU.ActiveCfg = Release|Any CPU
		{ABD6A39F-9BBB-4FBC-800D-34E004834544}.Release|Any CPU.Build.0 = Release|Any CPU
		{54AE2D4E-DF8B-4569-B1B1-5A42A22A5A1F}.Debug|Any CPU.ActiveCfg = Debug|Any CPU
		{54AE2D4E-DF8B-4569-B1B1-5A42A22A5A1F}.Debug|Any CPU.Build.0 = Debug|Any CPU
		{54AE2D4E-DF8B-4569-B1B1-5A42A22A5A1F}.Release|Any CPU.ActiveCfg = Release|Any CPU
		{54AE2D4E-DF8B-4569-B1B1-5A42A22A5A1F}.Release|Any CPU.Build.0 = Release|Any CPU
		{D72B425B-9950-4738-AC46-A3FABA32986F}.Debug|Any CPU.ActiveCfg = Debug|Any CPU
		{D72B425B-9950-4738-AC46-A3FABA32986F}.Debug|Any CPU.Build.0 = Debug|Any CPU
		{D72B425B-9950-4738-AC46-A3FABA32986F}.Release|Any CPU.ActiveCfg = Release|Any CPU
		{D72B425B-9950-4738-AC46-A3FABA32986F}.Release|Any CPU.Build.0 = Release|Any CPU
	EndGlobalSection
	GlobalSection(SolutionProperties) = preSolution
		HideSolutionNode = FALSE
	EndGlobalSection
EndGlobal
