
Microsoft Visual Studio Solution File, Format Version 12.00
# Visual Studio Version 17
VisualStudioVersion = 17.1.32328.378
MinimumVisualStudioVersion = 10.0.40219.1
Project("{FAE04EC0-301F-11D3-BF4B-00C04F79EFBC}") = "CostCalculation", "CostCalculation\CostCalculation.csproj", "{7F6DF5F8-AA09-40AE-A95E-6D47F37ACAFC}"
EndProject
Global
	GlobalSection(SolutionConfigurationPlatforms) = preSolution
		Debug|Any CPU = Debug|Any CPU
		Release|Any CPU = Release|Any CPU
	EndGlobalSection
	GlobalSection(ProjectConfigurationPlatforms) = postSolution
		{7F6DF5F8-AA09-40AE-A95E-6D47F37ACAFC}.Debug|Any CPU.ActiveCfg = Debug|Any CPU
		{7F6DF5F8-AA09-40AE-A95E-6D47F37ACAFC}.Debug|Any CPU.Build.0 = Debug|Any CPU
		{7F6DF5F8-AA09-40AE-A95E-6D47F37ACAFC}.Release|Any CPU.ActiveCfg = Release|Any CPU
		{7F6DF5F8-AA09-40AE-A95E-6D47F37ACAFC}.Release|Any CPU.Build.0 = Release|Any CPU
	EndGlobalSection
	GlobalSection(SolutionProperties) = preSolution
		HideSolutionNode = FALSE
	EndGlobalSection
	GlobalSection(ExtensibilityGlobals) = postSolution
		SolutionGuid = {F170DF72-E58A-400A-8D2E-1608BE8A8E2F}
	EndGlobalSection
EndGlobal
