
Microsoft Visual Studio Solution File, Format Version 12.00
# Visual Studio 2012
Project("{FAE04EC0-301F-11D3-BF4B-00C04F79EFBC}") = "StrictNSubstitute", "StrictSubstitute\StrictNSubstitute.csproj", "{FE09CE97-2445-480E-BE14-FEE7DDA42CBA}"
EndProject
Project("{FAE04EC0-301F-11D3-BF4B-00C04F79EFBC}") = "StrictNSubstituteSpecification", "StrictSubstituteSpecification\StrictNSubstituteSpecification.csproj", "{DD21BBC6-1D07-48C0-ACBE-296D5E0A8C68}"
EndProject
Global
	GlobalSection(SolutionConfigurationPlatforms) = preSolution
		Debug|Any CPU = Debug|Any CPU
		Release|Any CPU = Release|Any CPU
	EndGlobalSection
	GlobalSection(ProjectConfigurationPlatforms) = postSolution
		{FE09CE97-2445-480E-BE14-FEE7DDA42CBA}.Debug|Any CPU.ActiveCfg = Debug|Any CPU
		{FE09CE97-2445-480E-BE14-FEE7DDA42CBA}.Debug|Any CPU.Build.0 = Debug|Any CPU
		{FE09CE97-2445-480E-BE14-FEE7DDA42CBA}.Release|Any CPU.ActiveCfg = Release|Any CPU
		{FE09CE97-2445-480E-BE14-FEE7DDA42CBA}.Release|Any CPU.Build.0 = Release|Any CPU
		{DD21BBC6-1D07-48C0-ACBE-296D5E0A8C68}.Debug|Any CPU.ActiveCfg = Debug|Any CPU
		{DD21BBC6-1D07-48C0-ACBE-296D5E0A8C68}.Debug|Any CPU.Build.0 = Debug|Any CPU
		{DD21BBC6-1D07-48C0-ACBE-296D5E0A8C68}.Release|Any CPU.ActiveCfg = Release|Any CPU
		{DD21BBC6-1D07-48C0-ACBE-296D5E0A8C68}.Release|Any CPU.Build.0 = Release|Any CPU
	EndGlobalSection
	GlobalSection(SolutionProperties) = preSolution
		HideSolutionNode = FALSE
	EndGlobalSection
EndGlobal
