
Microsoft Visual Studio Solution File, Format Version 12.00
# Visual Studio Version 16
VisualStudioVersion = 16.0.30907.101
MinimumVisualStudioVersion = 10.0.40219.1
Project("{FAE04EC0-301F-11D3-BF4B-00C04F79EFBC}") = "XUnitTestPatterns", "XUnitTestPatterns\XUnitTestPatterns.csproj", "{0ABE791F-DA36-42AA-A39B-1DAD5BED6DD1}"
EndProject
Global
	GlobalSection(SolutionConfigurationPlatforms) = preSolution
		Debug|Any CPU = Debug|Any CPU
		Release|Any CPU = Release|Any CPU
	EndGlobalSection
	GlobalSection(ProjectConfigurationPlatforms) = postSolution
		{0ABE791F-DA36-42AA-A39B-1DAD5BED6DD1}.Debug|Any CPU.ActiveCfg = Debug|Any CPU
		{0ABE791F-DA36-42AA-A39B-1DAD5BED6DD1}.Debug|Any CPU.Build.0 = Debug|Any CPU
		{0ABE791F-DA36-42AA-A39B-1DAD5BED6DD1}.Release|Any CPU.ActiveCfg = Release|Any CPU
		{0ABE791F-DA36-42AA-A39B-1DAD5BED6DD1}.Release|Any CPU.Build.0 = Release|Any CPU
	EndGlobalSection
	GlobalSection(SolutionProperties) = preSolution
		HideSolutionNode = FALSE
	EndGlobalSection
	GlobalSection(ExtensibilityGlobals) = postSolution
		SolutionGuid = {8AFAA517-A35E-41D9-8BE0-AD26FBE82E38}
	EndGlobalSection
EndGlobal
