
Microsoft Visual Studio Solution File, Format Version 12.00
# Visual Studio Version 17
VisualStudioVersion = 17.2.32516.85
MinimumVisualStudioVersion = 10.0.40219.1
Project("{9A19103F-16F7-4668-BE54-9A1E7A4F7556}") = "_01_NotABot_StructuredInput", "_01_NotABot_StructuredInput\_01_NotABot_StructuredInput.csproj", "{CE573672-0C7D-4E3E-9683-B84491B27D2E}"
EndProject
Project("{9A19103F-16F7-4668-BE54-9A1E7A4F7556}") = "_02_UnstructuredInput", "_02_UnstructuredInput\_02_UnstructuredInput.csproj", "{BEC734B3-44AF-4C77-845E-42CA92D4DCF1}"
EndProject
Project("{2150E333-8FDC-42A3-9474-1A3956D46DE8}") = "Solution Items", "Solution Items", "{E95DA5C1-2D40-46BA-9983-7ECF092AE4E3}"
	ProjectSection(SolutionItems) = preProject
		.editorconfig = .editorconfig
	EndProjectSection
EndProject
Project("{9A19103F-16F7-4668-BE54-9A1E7A4F7556}") = "Lib", "Lib\Lib.csproj", "{70296D25-51C0-4C6C-9BBF-1872691551B8}"
EndProject
Project("{9A19103F-16F7-4668-BE54-9A1E7A4F7556}") = "_03_AudioInput", "_03_AudioInput\_03_AudioInput.csproj", "{279E5313-2B2A-4CE3-B659-C08A3FFDD812}"
EndProject
Project("{9A19103F-16F7-4668-BE54-9A1E7A4F7556}") = "_04_AudioOutput", "_04_AudioOutput\_04_AudioOutput.csproj", "{418EA7CD-7680-4367-821A-33A3A8CD714A}"
EndProject
Project("{FAE04EC0-301F-11D3-BF4B-00C04F79EFBC}") = "_05_Form", "_05_Form\_05_Form.csproj", "{99FDA780-A49A-4322-8AA6-820A134D25F9}"
EndProject
Project("{FAE04EC0-301F-11D3-BF4B-00C04F79EFBC}") = "_06_Dialog", "_06_Dialog\_06_Dialog.csproj", "{522CD66C-32DE-49D3-B823-078C8AB831E9}"
EndProject
Global
	GlobalSection(SolutionConfigurationPlatforms) = preSolution
		Debug|Any CPU = Debug|Any CPU
		Release|Any CPU = Release|Any CPU
	EndGlobalSection
	GlobalSection(ProjectConfigurationPlatforms) = postSolution
		{CE573672-0C7D-4E3E-9683-B84491B27D2E}.Debug|Any CPU.ActiveCfg = Debug|Any CPU
		{CE573672-0C7D-4E3E-9683-B84491B27D2E}.Debug|Any CPU.Build.0 = Debug|Any CPU
		{CE573672-0C7D-4E3E-9683-B84491B27D2E}.Release|Any CPU.ActiveCfg = Release|Any CPU
		{CE573672-0C7D-4E3E-9683-B84491B27D2E}.Release|Any CPU.Build.0 = Release|Any CPU
		{BEC734B3-44AF-4C77-845E-42CA92D4DCF1}.Debug|Any CPU.ActiveCfg = Debug|Any CPU
		{BEC734B3-44AF-4C77-845E-42CA92D4DCF1}.Debug|Any CPU.Build.0 = Debug|Any CPU
		{BEC734B3-44AF-4C77-845E-42CA92D4DCF1}.Release|Any CPU.ActiveCfg = Release|Any CPU
		{BEC734B3-44AF-4C77-845E-42CA92D4DCF1}.Release|Any CPU.Build.0 = Release|Any CPU
		{70296D25-51C0-4C6C-9BBF-1872691551B8}.Debug|Any CPU.ActiveCfg = Debug|Any CPU
		{70296D25-51C0-4C6C-9BBF-1872691551B8}.Debug|Any CPU.Build.0 = Debug|Any CPU
		{70296D25-51C0-4C6C-9BBF-1872691551B8}.Release|Any CPU.ActiveCfg = Release|Any CPU
		{70296D25-51C0-4C6C-9BBF-1872691551B8}.Release|Any CPU.Build.0 = Release|Any CPU
		{279E5313-2B2A-4CE3-B659-C08A3FFDD812}.Debug|Any CPU.ActiveCfg = Debug|Any CPU
		{279E5313-2B2A-4CE3-B659-C08A3FFDD812}.Debug|Any CPU.Build.0 = Debug|Any CPU
		{279E5313-2B2A-4CE3-B659-C08A3FFDD812}.Release|Any CPU.ActiveCfg = Release|Any CPU
		{279E5313-2B2A-4CE3-B659-C08A3FFDD812}.Release|Any CPU.Build.0 = Release|Any CPU
		{418EA7CD-7680-4367-821A-33A3A8CD714A}.Debug|Any CPU.ActiveCfg = Debug|Any CPU
		{418EA7CD-7680-4367-821A-33A3A8CD714A}.Debug|Any CPU.Build.0 = Debug|Any CPU
		{418EA7CD-7680-4367-821A-33A3A8CD714A}.Release|Any CPU.ActiveCfg = Release|Any CPU
		{418EA7CD-7680-4367-821A-33A3A8CD714A}.Release|Any CPU.Build.0 = Release|Any CPU
		{99FDA780-A49A-4322-8AA6-820A134D25F9}.Debug|Any CPU.ActiveCfg = Debug|Any CPU
		{99FDA780-A49A-4322-8AA6-820A134D25F9}.Debug|Any CPU.Build.0 = Debug|Any CPU
		{99FDA780-A49A-4322-8AA6-820A134D25F9}.Release|Any CPU.ActiveCfg = Release|Any CPU
		{99FDA780-A49A-4322-8AA6-820A134D25F9}.Release|Any CPU.Build.0 = Release|Any CPU
		{522CD66C-32DE-49D3-B823-078C8AB831E9}.Debug|Any CPU.ActiveCfg = Debug|Any CPU
		{522CD66C-32DE-49D3-B823-078C8AB831E9}.Debug|Any CPU.Build.0 = Debug|Any CPU
		{522CD66C-32DE-49D3-B823-078C8AB831E9}.Release|Any CPU.ActiveCfg = Release|Any CPU
		{522CD66C-32DE-49D3-B823-078C8AB831E9}.Release|Any CPU.Build.0 = Release|Any CPU
	EndGlobalSection
	GlobalSection(SolutionProperties) = preSolution
		HideSolutionNode = FALSE
	EndGlobalSection
	GlobalSection(ExtensibilityGlobals) = postSolution
		SolutionGuid = {6C906CE8-D231-4DD8-8F15-A072683816A7}
	EndGlobalSection
EndGlobal
