
Microsoft Visual Studio Solution File, Format Version 12.00
# Visual Studio Version 17
VisualStudioVersion = 17.2.32516.85
MinimumVisualStudioVersion = 10.0.40219.1
Project("{FAE04EC0-301F-11D3-BF4B-00C04F79EFBC}") = "_01_NotABot_StructuredInput", "_01_NotABot_StructuredInput\_01_NotABot_StructuredInput.csproj", "{CE573672-0C7D-4E3E-9683-B84491B27D2E}"
EndProject
Project("{FAE04EC0-301F-11D3-BF4B-00C04F79EFBC}") = "_02_UnstructuredInput", "_02_UnstructuredInput\_02_UnstructuredInput.csproj", "{BEC734B3-44AF-4C77-845E-42CA92D4DCF1}"
EndProject
Global
	GlobalSection(SolutionConfigurationPlatforms) = preSolution
		Debug|Any CPU = Debug|Any CPU
		Release|Any CPU = Release|Any CPU
	EndGlobalSection
	GlobalSection(ProjectConfigurationPlatforms) = postSolution
		{CE573672-0C7D-4E3E-9683-B84491B27D2E}.Debug|Any CPU.ActiveCfg = Debug|Any CPU
		{CE573672-0C7D-4E3E-9683-B84491B27D2E}.Debug|Any CPU.Build.0 = Debug|Any CPU
		{CE573672-0C7D-4E3E-9683-B84491B27D2E}.Release|Any CPU.ActiveCfg = Release|Any CPU
		{CE573672-0C7D-4E3E-9683-B84491B27D2E}.Release|Any CPU.Build.0 = Release|Any CPU
		{BEC734B3-44AF-4C77-845E-42CA92D4DCF1}.Debug|Any CPU.ActiveCfg = Debug|Any CPU
		{BEC734B3-44AF-4C77-845E-42CA92D4DCF1}.Debug|Any CPU.Build.0 = Debug|Any CPU
		{BEC734B3-44AF-4C77-845E-42CA92D4DCF1}.Release|Any CPU.ActiveCfg = Release|Any CPU
		{BEC734B3-44AF-4C77-845E-42CA92D4DCF1}.Release|Any CPU.Build.0 = Release|Any CPU
	EndGlobalSection
	GlobalSection(SolutionProperties) = preSolution
		HideSolutionNode = FALSE
	EndGlobalSection
	GlobalSection(ExtensibilityGlobals) = postSolution
		SolutionGuid = {6C906CE8-D231-4DD8-8F15-A072683816A7}
	EndGlobalSection
EndGlobal
