
Microsoft Visual Studio Solution File, Format Version 12.00
# Visual Studio Version 16
VisualStudioVersion = 16.0.31112.23
MinimumVisualStudioVersion = 10.0.40219.1
Project("{FAE04EC0-301F-11D3-BF4B-00C04F79EFBC}") = "DriverPatternDemo", "DriverPatternDemo\DriverPatternDemo.csproj", "{DD6BB1E9-89C6-4C0C-9E34-8FE201DDD473}"
EndProject
Project("{FAE04EC0-301F-11D3-BF4B-00C04F79EFBC}") = "FunctionalSpecification", "FunctionalSpecification\FunctionalSpecification.csproj", "{2A7D5A1C-E8FE-4C47-9BCB-F72B8D6D9EC6}"
EndProject
Global
	GlobalSection(SolutionConfigurationPlatforms) = preSolution
		Debug|Any CPU = Debug|Any CPU
		Release|Any CPU = Release|Any CPU
	EndGlobalSection
	GlobalSection(ProjectConfigurationPlatforms) = postSolution
		{DD6BB1E9-89C6-4C0C-9E34-8FE201DDD473}.Debug|Any CPU.ActiveCfg = Debug|Any CPU
		{DD6BB1E9-89C6-4C0C-9E34-8FE201DDD473}.Debug|Any CPU.Build.0 = Debug|Any CPU
		{DD6BB1E9-89C6-4C0C-9E34-8FE201DDD473}.Release|Any CPU.ActiveCfg = Release|Any CPU
		{DD6BB1E9-89C6-4C0C-9E34-8FE201DDD473}.Release|Any CPU.Build.0 = Release|Any CPU
		{2A7D5A1C-E8FE-4C47-9BCB-F72B8D6D9EC6}.Debug|Any CPU.ActiveCfg = Debug|Any CPU
		{2A7D5A1C-E8FE-4C47-9BCB-F72B8D6D9EC6}.Debug|Any CPU.Build.0 = Debug|Any CPU
		{2A7D5A1C-E8FE-4C47-9BCB-F72B8D6D9EC6}.Release|Any CPU.ActiveCfg = Release|Any CPU
		{2A7D5A1C-E8FE-4C47-9BCB-F72B8D6D9EC6}.Release|Any CPU.Build.0 = Release|Any CPU
	EndGlobalSection
	GlobalSection(SolutionProperties) = preSolution
		HideSolutionNode = FALSE
	EndGlobalSection
	GlobalSection(ExtensibilityGlobals) = postSolution
		SolutionGuid = {E2D302AB-8F3D-4414-8B3F-EAD1E203517F}
	EndGlobalSection
EndGlobal
