
Microsoft Visual Studio Solution File, Format Version 12.00
# Visual Studio Version 17
VisualStudioVersion = 17.9.34607.119
MinimumVisualStudioVersion = 10.0.40219.1
Project("{FAE04EC0-301F-11D3-BF4B-00C04F79EFBC}") = "AuthorizationStructure", "AuthorizationStructure\AuthorizationStructure.csproj", "{920E4A44-26CF-4EFE-85F4-408F9447DEAF}"
EndProject
Global
	GlobalSection(SolutionConfigurationPlatforms) = preSolution
		Debug|Any CPU = Debug|Any CPU
		Release|Any CPU = Release|Any CPU
	EndGlobalSection
	GlobalSection(ProjectConfigurationPlatforms) = postSolution
		{920E4A44-26CF-4EFE-85F4-408F9447DEAF}.Debug|Any CPU.ActiveCfg = Debug|Any CPU
		{920E4A44-26CF-4EFE-85F4-408F9447DEAF}.Debug|Any CPU.Build.0 = Debug|Any CPU
		{920E4A44-26CF-4EFE-85F4-408F9447DEAF}.Release|Any CPU.ActiveCfg = Release|Any CPU
		{920E4A44-26CF-4EFE-85F4-408F9447DEAF}.Release|Any CPU.Build.0 = Release|Any CPU
	EndGlobalSection
	GlobalSection(SolutionProperties) = preSolution
		HideSolutionNode = FALSE
	EndGlobalSection
	GlobalSection(ExtensibilityGlobals) = postSolution
		SolutionGuid = {DE703E76-A278-4AD5-8087-A07C0793DBE4}
	EndGlobalSection
EndGlobal
