
Microsoft Visual Studio Solution File, Format Version 12.00
# Visual Studio Version 17
VisualStudioVersion = 17.9.34607.119
MinimumVisualStudioVersion = 10.0.40219.1
Project("{9A19103F-16F7-4668-BE54-9A1E7A4F7556}") = "AuthorizationStructureExample", "AuthorizationStructureExample\AuthorizationStructureExample.csproj", "{6E01CE23-E549-4832-9668-C9D2698A273D}"
EndProject
Global
	GlobalSection(SolutionConfigurationPlatforms) = preSolution
		Debug|Any CPU = Debug|Any CPU
		Release|Any CPU = Release|Any CPU
	EndGlobalSection
	GlobalSection(ProjectConfigurationPlatforms) = postSolution
		{6E01CE23-E549-4832-9668-C9D2698A273D}.Debug|Any CPU.ActiveCfg = Debug|Any CPU
		{6E01CE23-E549-4832-9668-C9D2698A273D}.Debug|Any CPU.Build.0 = Debug|Any CPU
		{6E01CE23-E549-4832-9668-C9D2698A273D}.Release|Any CPU.ActiveCfg = Release|Any CPU
		{6E01CE23-E549-4832-9668-C9D2698A273D}.Release|Any CPU.Build.0 = Release|Any CPU
	EndGlobalSection
	GlobalSection(SolutionProperties) = preSolution
		HideSolutionNode = FALSE
	EndGlobalSection
	GlobalSection(ExtensibilityGlobals) = postSolution
		SolutionGuid = {DE703E76-A278-4AD5-8087-A07C0793DBE4}
	EndGlobalSection
EndGlobal
