
Microsoft Visual Studio Solution File, Format Version 12.00
# Visual Studio Version 16
VisualStudioVersion = 16.0.29926.136
MinimumVisualStudioVersion = 10.0.40219.1
Project("{FAE04EC0-301F-11D3-BF4B-00C04F79EFBC}") = "ControllerImplementations", "ControllerImplementations\ControllerImplementations.csproj", "{CE04639C-A740-4B22-B367-4E13376DE8F4}"
EndProject
Global
	GlobalSection(SolutionConfigurationPlatforms) = preSolution
		Debug|Any CPU = Debug|Any CPU
		Release|Any CPU = Release|Any CPU
	EndGlobalSection
	GlobalSection(ProjectConfigurationPlatforms) = postSolution
		{CE04639C-A740-4B22-B367-4E13376DE8F4}.Debug|Any CPU.ActiveCfg = Debug|Any CPU
		{CE04639C-A740-4B22-B367-4E13376DE8F4}.Debug|Any CPU.Build.0 = Debug|Any CPU
		{CE04639C-A740-4B22-B367-4E13376DE8F4}.Release|Any CPU.ActiveCfg = Release|Any CPU
		{CE04639C-A740-4B22-B367-4E13376DE8F4}.Release|Any CPU.Build.0 = Release|Any CPU
	EndGlobalSection
	GlobalSection(SolutionProperties) = preSolution
		HideSolutionNode = FALSE
	EndGlobalSection
	GlobalSection(ExtensibilityGlobals) = postSolution
		SolutionGuid = {CCB17BED-A9D7-4873-9C9D-5040B9991F20}
	EndGlobalSection
EndGlobal
