
Microsoft Visual Studio Solution File, Format Version 12.00
# Visual Studio Version 16
VisualStudioVersion = 16.0.28803.352
MinimumVisualStudioVersion = 10.0.40219.1
Project("{FAE04EC0-301F-11D3-BF4B-00C04F79EFBC}") = "GitAttempt2", "GitAttempt2\GitAttempt2.csproj", "{632F8B55-7781-48B7-A0CD-DB8FDD24F27F}"
EndProject
Global
	GlobalSection(SolutionConfigurationPlatforms) = preSolution
		Debug|Any CPU = Debug|Any CPU
		Release|Any CPU = Release|Any CPU
	EndGlobalSection
	GlobalSection(ProjectConfigurationPlatforms) = postSolution
		{632F8B55-7781-48B7-A0CD-DB8FDD24F27F}.Debug|Any CPU.ActiveCfg = Debug|Any CPU
		{632F8B55-7781-48B7-A0CD-DB8FDD24F27F}.Debug|Any CPU.Build.0 = Debug|Any CPU
		{632F8B55-7781-48B7-A0CD-DB8FDD24F27F}.Release|Any CPU.ActiveCfg = Release|Any CPU
		{632F8B55-7781-48B7-A0CD-DB8FDD24F27F}.Release|Any CPU.Build.0 = Release|Any CPU
	EndGlobalSection
	GlobalSection(SolutionProperties) = preSolution
		HideSolutionNode = FALSE
	EndGlobalSection
	GlobalSection(ExtensibilityGlobals) = postSolution
		SolutionGuid = {AC823079-6989-4F8B-84E8-6CB97DBAA095}
	EndGlobalSection
EndGlobal
