
Microsoft Visual Studio Solution File, Format Version 12.00
# Visual Studio Version 16
VisualStudioVersion = 16.0.28803.352
MinimumVisualStudioVersion = 10.0.40219.1
Project("{9A19103F-16F7-4668-BE54-9A1E7A4F7556}") = "GitAttempt2", "GitAttempt2\GitAttempt2.csproj", "{632F8B55-7781-48B7-A0CD-DB8FDD24F27F}"
EndProject
Project("{9A19103F-16F7-4668-BE54-9A1E7A4F7556}") = "ApplicationLogic", "ApplicationLogic\ApplicationLogic.csproj", "{13E4C79E-A47F-4387-873B-E03082BC765A}"
EndProject
Project("{FAE04EC0-301F-11D3-BF4B-00C04F79EFBC}") = "ResultRendering", "ResultRendering\ResultRendering.csproj", "{020B9BA0-29EA-45DC-9DFF-4C01E4B95B49}"
EndProject
Global
	GlobalSection(SolutionConfigurationPlatforms) = preSolution
		Debug|Any CPU = Debug|Any CPU
		Release|Any CPU = Release|Any CPU
	EndGlobalSection
	GlobalSection(ProjectConfigurationPlatforms) = postSolution
		{632F8B55-7781-48B7-A0CD-DB8FDD24F27F}.Debug|Any CPU.ActiveCfg = Debug|Any CPU
		{632F8B55-7781-48B7-A0CD-DB8FDD24F27F}.Debug|Any CPU.Build.0 = Debug|Any CPU
		{632F8B55-7781-48B7-A0CD-DB8FDD24F27F}.Release|Any CPU.ActiveCfg = Release|Any CPU
		{632F8B55-7781-48B7-A0CD-DB8FDD24F27F}.Release|Any CPU.Build.0 = Release|Any CPU
		{13E4C79E-A47F-4387-873B-E03082BC765A}.Debug|Any CPU.ActiveCfg = Debug|Any CPU
		{13E4C79E-A47F-4387-873B-E03082BC765A}.Debug|Any CPU.Build.0 = Debug|Any CPU
		{13E4C79E-A47F-4387-873B-E03082BC765A}.Release|Any CPU.ActiveCfg = Release|Any CPU
		{13E4C79E-A47F-4387-873B-E03082BC765A}.Release|Any CPU.Build.0 = Release|Any CPU
		{020B9BA0-29EA-45DC-9DFF-4C01E4B95B49}.Debug|Any CPU.ActiveCfg = Debug|Any CPU
		{020B9BA0-29EA-45DC-9DFF-4C01E4B95B49}.Debug|Any CPU.Build.0 = Debug|Any CPU
		{020B9BA0-29EA-45DC-9DFF-4C01E4B95B49}.Release|Any CPU.ActiveCfg = Release|Any CPU
		{020B9BA0-29EA-45DC-9DFF-4C01E4B95B49}.Release|Any CPU.Build.0 = Release|Any CPU
	EndGlobalSection
	GlobalSection(SolutionProperties) = preSolution
		HideSolutionNode = FALSE
	EndGlobalSection
	GlobalSection(ExtensibilityGlobals) = postSolution
		SolutionGuid = {AC823079-6989-4F8B-84E8-6CB97DBAA095}
	EndGlobalSection
EndGlobal
