
Microsoft Visual Studio Solution File, Format Version 12.00
# Visual Studio Version 16
VisualStudioVersion = 16.0.29230.47
MinimumVisualStudioVersion = 10.0.40219.1
Project("{9A19103F-16F7-4668-BE54-9A1E7A4F7556}") = "SimpleNlpSpecification", "SimpleNlpSpecification\SimpleNlpSpecification.csproj", "{2722E666-C7DE-449B-A4D8-CAA2FB858DD1}"
EndProject
Project("{FAE04EC0-301F-11D3-BF4B-00C04F79EFBC}") = "SimpleNlp", "SimpleNlp\SimpleNlp.csproj", "{964D2ECD-DB66-40F1-AABD-81498A163306}"
EndProject
Global
	GlobalSection(SolutionConfigurationPlatforms) = preSolution
		Debug|Any CPU = Debug|Any CPU
		Release|Any CPU = Release|Any CPU
	EndGlobalSection
	GlobalSection(ProjectConfigurationPlatforms) = postSolution
		{2722E666-C7DE-449B-A4D8-CAA2FB858DD1}.Debug|Any CPU.ActiveCfg = Debug|Any CPU
		{2722E666-C7DE-449B-A4D8-CAA2FB858DD1}.Debug|Any CPU.Build.0 = Debug|Any CPU
		{2722E666-C7DE-449B-A4D8-CAA2FB858DD1}.Release|Any CPU.ActiveCfg = Release|Any CPU
		{2722E666-C7DE-449B-A4D8-CAA2FB858DD1}.Release|Any CPU.Build.0 = Release|Any CPU
		{964D2ECD-DB66-40F1-AABD-81498A163306}.Debug|Any CPU.ActiveCfg = Debug|Any CPU
		{964D2ECD-DB66-40F1-AABD-81498A163306}.Debug|Any CPU.Build.0 = Debug|Any CPU
		{964D2ECD-DB66-40F1-AABD-81498A163306}.Release|Any CPU.ActiveCfg = Release|Any CPU
		{964D2ECD-DB66-40F1-AABD-81498A163306}.Release|Any CPU.Build.0 = Release|Any CPU
	EndGlobalSection
	GlobalSection(SolutionProperties) = preSolution
		HideSolutionNode = FALSE
	EndGlobalSection
	GlobalSection(ExtensibilityGlobals) = postSolution
		SolutionGuid = {4C2CF198-77A4-4D40-9BDC-FEE5EAA3B6CB}
	EndGlobalSection
EndGlobal
