
Microsoft Visual Studio Solution File, Format Version 12.00
# Visual Studio Version 17
VisualStudioVersion = 17.9.34728.123
MinimumVisualStudioVersion = 10.0.40219.1
Project("{FAE04EC0-301F-11D3-BF4B-00C04F79EFBC}") = "FlowSimulation", "FlowSimulation\FlowSimulation.csproj", "{515A1E4D-0B54-4B3C-A72E-A7D4D8729CDD}"
EndProject
Global
	GlobalSection(SolutionConfigurationPlatforms) = preSolution
		Debug|Any CPU = Debug|Any CPU
		Release|Any CPU = Release|Any CPU
	EndGlobalSection
	GlobalSection(ProjectConfigurationPlatforms) = postSolution
		{515A1E4D-0B54-4B3C-A72E-A7D4D8729CDD}.Debug|Any CPU.ActiveCfg = Debug|Any CPU
		{515A1E4D-0B54-4B3C-A72E-A7D4D8729CDD}.Debug|Any CPU.Build.0 = Debug|Any CPU
		{515A1E4D-0B54-4B3C-A72E-A7D4D8729CDD}.Release|Any CPU.ActiveCfg = Release|Any CPU
		{515A1E4D-0B54-4B3C-A72E-A7D4D8729CDD}.Release|Any CPU.Build.0 = Release|Any CPU
	EndGlobalSection
	GlobalSection(SolutionProperties) = preSolution
		HideSolutionNode = FALSE
	EndGlobalSection
	GlobalSection(ExtensibilityGlobals) = postSolution
		SolutionGuid = {39D6E106-B6DF-4696-B712-47AA94E7C07B}
	EndGlobalSection
EndGlobal
