
Microsoft Visual Studio Solution File, Format Version 12.00
# Visual Studio Version 17
VisualStudioVersion = 17.2.32516.85
MinimumVisualStudioVersion = 10.0.40219.1
Project("{9A19103F-16F7-4668-BE54-9A1E7A4F7556}") = "FizzBuzzCore", "FizzBuzzCore\FizzBuzzCore.csproj", "{4960C6EF-9518-43E9-A0F2-36B0FEE61767}"
EndProject
Project("{9A19103F-16F7-4668-BE54-9A1E7A4F7556}") = "NUnitTestProject1", "NUnitTestProject1\NUnitTestProject1.csproj", "{452E3939-7A76-4701-88B1-5A6F25D68322}"
EndProject
Project("{9A19103F-16F7-4668-BE54-9A1E7A4F7556}") = "SOLID.DIP.Domain", "SOLID.DIP.Domain\SOLID.DIP.Domain.csproj", "{2455584B-60BA-4016-9A0E-EAD991031E10}"
EndProject
Project("{9A19103F-16F7-4668-BE54-9A1E7A4F7556}") = "SOLID.DIP.Persistence", "SOLID.DIP.Persistence\SOLID.DIP.Persistence.csproj", "{17660210-7BBB-4248-AB03-ED589BD445A9}"
EndProject
Project("{9A19103F-16F7-4668-BE54-9A1E7A4F7556}") = "SOLID.DIP.Root", "SOLID.DIP.Root\SOLID.DIP.Root.csproj", "{FA81401C-7548-481B-A9F7-818C4F35C15E}"
EndProject
Project("{2150E333-8FDC-42A3-9474-1A3956D46DE8}") = "DesignPatterns", "DesignPatterns", "{2F187F43-C561-42DE-A75A-85F33DFE6431}"
EndProject
Project("{2150E333-8FDC-42A3-9474-1A3956D46DE8}") = "SOLID", "SOLID", "{5A9A15BF-F04E-47B6-A8EB-08F9EBD1BA21}"
EndProject
Project("{2150E333-8FDC-42A3-9474-1A3956D46DE8}") = "AspectsOfProgramming", "AspectsOfProgramming", "{679AA2A9-F51D-4C40-B16F-346B413E4AB7}"
EndProject
Project("{2150E333-8FDC-42A3-9474-1A3956D46DE8}") = "Immutability", "Immutability", "{D5CBF581-8EA9-4263-ACE2-04FABDE0F2B4}"
EndProject
Project("{2150E333-8FDC-42A3-9474-1A3956D46DE8}") = "TDD", "TDD", "{D88B34C3-B94D-4755-9656-0BBCB52B400E}"
EndProject
Project("{9A19103F-16F7-4668-BE54-9A1E7A4F7556}") = "AspectsOfImmutability", "AspectsOfImmutability\AspectsOfImmutability.csproj", "{3BF9CFE1-9CB5-45C4-A2AC-9679C0A6C1F8}"
EndProject
Project("{9A19103F-16F7-4668-BE54-9A1E7A4F7556}") = "FizzBuzzRecruitment", "FizzBuzzRecruitment\FizzBuzzRecruitment.csproj", "{81A208D9-FB5E-45FA-8CD1-5DEBA73A06A6}"
EndProject
Project("{FAE04EC0-301F-11D3-BF4B-00C04F79EFBC}") = "RecruitmentExercises", "RecruitmentExercises\RecruitmentExercises.csproj", "{21BD44AD-AC8E-490A-B81D-A5D657827209}"
EndProject
Global
	GlobalSection(SolutionConfigurationPlatforms) = preSolution
		Debug|Any CPU = Debug|Any CPU
		Release|Any CPU = Release|Any CPU
	EndGlobalSection
	GlobalSection(ProjectConfigurationPlatforms) = postSolution
		{4960C6EF-9518-43E9-A0F2-36B0FEE61767}.Debug|Any CPU.ActiveCfg = Debug|Any CPU
		{4960C6EF-9518-43E9-A0F2-36B0FEE61767}.Debug|Any CPU.Build.0 = Debug|Any CPU
		{4960C6EF-9518-43E9-A0F2-36B0FEE61767}.Release|Any CPU.ActiveCfg = Release|Any CPU
		{4960C6EF-9518-43E9-A0F2-36B0FEE61767}.Release|Any CPU.Build.0 = Release|Any CPU
		{452E3939-7A76-4701-88B1-5A6F25D68322}.Debug|Any CPU.ActiveCfg = Debug|Any CPU
		{452E3939-7A76-4701-88B1-5A6F25D68322}.Debug|Any CPU.Build.0 = Debug|Any CPU
		{452E3939-7A76-4701-88B1-5A6F25D68322}.Release|Any CPU.ActiveCfg = Release|Any CPU
		{452E3939-7A76-4701-88B1-5A6F25D68322}.Release|Any CPU.Build.0 = Release|Any CPU
		{2455584B-60BA-4016-9A0E-EAD991031E10}.Debug|Any CPU.ActiveCfg = Debug|Any CPU
		{2455584B-60BA-4016-9A0E-EAD991031E10}.Debug|Any CPU.Build.0 = Debug|Any CPU
		{2455584B-60BA-4016-9A0E-EAD991031E10}.Release|Any CPU.ActiveCfg = Release|Any CPU
		{2455584B-60BA-4016-9A0E-EAD991031E10}.Release|Any CPU.Build.0 = Release|Any CPU
		{17660210-7BBB-4248-AB03-ED589BD445A9}.Debug|Any CPU.ActiveCfg = Debug|Any CPU
		{17660210-7BBB-4248-AB03-ED589BD445A9}.Debug|Any CPU.Build.0 = Debug|Any CPU
		{17660210-7BBB-4248-AB03-ED589BD445A9}.Release|Any CPU.ActiveCfg = Release|Any CPU
		{17660210-7BBB-4248-AB03-ED589BD445A9}.Release|Any CPU.Build.0 = Release|Any CPU
		{FA81401C-7548-481B-A9F7-818C4F35C15E}.Debug|Any CPU.ActiveCfg = Debug|Any CPU
		{FA81401C-7548-481B-A9F7-818C4F35C15E}.Debug|Any CPU.Build.0 = Debug|Any CPU
		{FA81401C-7548-481B-A9F7-818C4F35C15E}.Release|Any CPU.ActiveCfg = Release|Any CPU
		{FA81401C-7548-481B-A9F7-818C4F35C15E}.Release|Any CPU.Build.0 = Release|Any CPU
		{3BF9CFE1-9CB5-45C4-A2AC-9679C0A6C1F8}.Debug|Any CPU.ActiveCfg = Debug|Any CPU
		{3BF9CFE1-9CB5-45C4-A2AC-9679C0A6C1F8}.Debug|Any CPU.Build.0 = Debug|Any CPU
		{3BF9CFE1-9CB5-45C4-A2AC-9679C0A6C1F8}.Release|Any CPU.ActiveCfg = Release|Any CPU
		{3BF9CFE1-9CB5-45C4-A2AC-9679C0A6C1F8}.Release|Any CPU.Build.0 = Release|Any CPU
		{81A208D9-FB5E-45FA-8CD1-5DEBA73A06A6}.Debug|Any CPU.ActiveCfg = Debug|Any CPU
		{81A208D9-FB5E-45FA-8CD1-5DEBA73A06A6}.Debug|Any CPU.Build.0 = Debug|Any CPU
		{81A208D9-FB5E-45FA-8CD1-5DEBA73A06A6}.Release|Any CPU.ActiveCfg = Release|Any CPU
		{81A208D9-FB5E-45FA-8CD1-5DEBA73A06A6}.Release|Any CPU.Build.0 = Release|Any CPU
		{21BD44AD-AC8E-490A-B81D-A5D657827209}.Debug|Any CPU.ActiveCfg = Debug|Any CPU
		{21BD44AD-AC8E-490A-B81D-A5D657827209}.Debug|Any CPU.Build.0 = Debug|Any CPU
		{21BD44AD-AC8E-490A-B81D-A5D657827209}.Release|Any CPU.ActiveCfg = Release|Any CPU
		{21BD44AD-AC8E-490A-B81D-A5D657827209}.Release|Any CPU.Build.0 = Release|Any CPU
	EndGlobalSection
	GlobalSection(SolutionProperties) = preSolution
		HideSolutionNode = FALSE
	EndGlobalSection
	GlobalSection(NestedProjects) = preSolution
		{452E3939-7A76-4701-88B1-5A6F25D68322} = {D88B34C3-B94D-4755-9656-0BBCB52B400E}
		{2455584B-60BA-4016-9A0E-EAD991031E10} = {5A9A15BF-F04E-47B6-A8EB-08F9EBD1BA21}
		{17660210-7BBB-4248-AB03-ED589BD445A9} = {5A9A15BF-F04E-47B6-A8EB-08F9EBD1BA21}
		{FA81401C-7548-481B-A9F7-818C4F35C15E} = {5A9A15BF-F04E-47B6-A8EB-08F9EBD1BA21}
		{D5CBF581-8EA9-4263-ACE2-04FABDE0F2B4} = {679AA2A9-F51D-4C40-B16F-346B413E4AB7}
		{D88B34C3-B94D-4755-9656-0BBCB52B400E} = {679AA2A9-F51D-4C40-B16F-346B413E4AB7}
		{3BF9CFE1-9CB5-45C4-A2AC-9679C0A6C1F8} = {D5CBF581-8EA9-4263-ACE2-04FABDE0F2B4}
		{81A208D9-FB5E-45FA-8CD1-5DEBA73A06A6} = {D88B34C3-B94D-4755-9656-0BBCB52B400E}
	EndGlobalSection
	GlobalSection(ExtensibilityGlobals) = postSolution
		SolutionGuid = {2BA7A764-FD8F-4922-B4E4-93E67DEA5A94}
	EndGlobalSection
EndGlobal
