
Microsoft Visual Studio Solution File, Format Version 12.00
# Visual Studio 15
VisualStudioVersion = 15.0.28010.2050
MinimumVisualStudioVersion = 10.0.40219.1
Project("{FAE04EC0-301F-11D3-BF4B-00C04F79EFBC}") = "FizzBuzzCore", "FizzBuzzCore\FizzBuzzCore.csproj", "{4960C6EF-9518-43E9-A0F2-36B0FEE61767}"
EndProject
Global
	GlobalSection(SolutionConfigurationPlatforms) = preSolution
		Debug|Any CPU = Debug|Any CPU
		Release|Any CPU = Release|Any CPU
	EndGlobalSection
	GlobalSection(ProjectConfigurationPlatforms) = postSolution
		{4960C6EF-9518-43E9-A0F2-36B0FEE61767}.Debug|Any CPU.ActiveCfg = Debug|Any CPU
		{4960C6EF-9518-43E9-A0F2-36B0FEE61767}.Debug|Any CPU.Build.0 = Debug|Any CPU
		{4960C6EF-9518-43E9-A0F2-36B0FEE61767}.Release|Any CPU.ActiveCfg = Release|Any CPU
		{4960C6EF-9518-43E9-A0F2-36B0FEE61767}.Release|Any CPU.Build.0 = Release|Any CPU
	EndGlobalSection
	GlobalSection(SolutionProperties) = preSolution
		HideSolutionNode = FALSE
	EndGlobalSection
	GlobalSection(ExtensibilityGlobals) = postSolution
		SolutionGuid = {2BA7A764-FD8F-4922-B4E4-93E67DEA5A94}
	EndGlobalSection
EndGlobal
