
Microsoft Visual Studio Solution File, Format Version 12.00
# Visual Studio Version 17
VisualStudioVersion = 17.0.32014.148
MinimumVisualStudioVersion = 10.0.40219.1
Project("{FAE04EC0-301F-11D3-BF4B-00C04F79EFBC}") = "FakeItTillYouMakeIt", "FakeItTillYouMakeIt\FakeItTillYouMakeIt.csproj", "{9F7B3584-EB16-44DC-8EC8-31F862ED0C16}"
EndProject
Project("{FAE04EC0-301F-11D3-BF4B-00C04F79EFBC}") = "FakeItTillYouMakeItSpecification", "FakeItTillYouMakeItSpecification\FakeItTillYouMakeItSpecification.csproj", "{8FABD568-ADF0-4996-A351-A3496C9197FA}"
EndProject
Global
	GlobalSection(SolutionConfigurationPlatforms) = preSolution
		Debug|Any CPU = Debug|Any CPU
		Release|Any CPU = Release|Any CPU
	EndGlobalSection
	GlobalSection(ProjectConfigurationPlatforms) = postSolution
		{9F7B3584-EB16-44DC-8EC8-31F862ED0C16}.Debug|Any CPU.ActiveCfg = Debug|Any CPU
		{9F7B3584-EB16-44DC-8EC8-31F862ED0C16}.Debug|Any CPU.Build.0 = Debug|Any CPU
		{9F7B3584-EB16-44DC-8EC8-31F862ED0C16}.Release|Any CPU.ActiveCfg = Release|Any CPU
		{9F7B3584-EB16-44DC-8EC8-31F862ED0C16}.Release|Any CPU.Build.0 = Release|Any CPU
		{8FABD568-ADF0-4996-A351-A3496C9197FA}.Debug|Any CPU.ActiveCfg = Debug|Any CPU
		{8FABD568-ADF0-4996-A351-A3496C9197FA}.Debug|Any CPU.Build.0 = Debug|Any CPU
		{8FABD568-ADF0-4996-A351-A3496C9197FA}.Release|Any CPU.ActiveCfg = Release|Any CPU
		{8FABD568-ADF0-4996-A351-A3496C9197FA}.Release|Any CPU.Build.0 = Release|Any CPU
	EndGlobalSection
	GlobalSection(SolutionProperties) = preSolution
		HideSolutionNode = FALSE
	EndGlobalSection
	GlobalSection(ExtensibilityGlobals) = postSolution
		SolutionGuid = {5A715514-A5AF-4476-9224-D950791AFED4}
	EndGlobalSection
EndGlobal
