
Microsoft Visual Studio Solution File, Format Version 12.00
# Visual Studio Version 16
VisualStudioVersion = 16.0.30907.101
MinimumVisualStudioVersion = 10.0.40219.1
Project("{9A19103F-16F7-4668-BE54-9A1E7A4F7556}") = "NullAsFlag", "NullAsFlag\NullAsFlag.csproj", "{12E819A4-5303-4242-B05B-C2B8B5F5F4B2}"
EndProject
Project("{9A19103F-16F7-4668-BE54-9A1E7A4F7556}") = "NullAsFlagRefactored", "NullAsFlagRefactored\NullAsFlagRefactored.csproj", "{35A519F0-2976-47A9-9A52-661A1305BDB1}"
EndProject
Project("{9A19103F-16F7-4668-BE54-9A1E7A4F7556}") = "NullAsError", "NullAsError\NullAsError.csproj", "{B97F20E5-1CBF-4BF0-8869-3BF2DFBB41D0}"
EndProject
Project("{9A19103F-16F7-4668-BE54-9A1E7A4F7556}") = "NullAsErrorRefactored", "NullAsErrorRefactored\NullAsErrorRefactored.csproj", "{7602C052-8BFA-4299-BE4C-EC27D66D0796}"
EndProject
Project("{9A19103F-16F7-4668-BE54-9A1E7A4F7556}") = "NullAsNothing", "NullAsNothing\NullAsNothing.csproj", "{92D986A6-5BD4-4E53-8B1A-44790A35280A}"
EndProject
Project("{9A19103F-16F7-4668-BE54-9A1E7A4F7556}") = "NullAsNothingRefactored", "NullAsNothingRefactored\NullAsNothingRefactored.csproj", "{B90714BE-7C34-454D-A17D-2BE2C6FB4477}"
EndProject
Project("{9A19103F-16F7-4668-BE54-9A1E7A4F7556}") = "MaybeAsMonad", "MaybeAsMonad\MaybeAsMonad.csproj", "{713F5FD6-3F8D-4A51-A10A-558A016C25A0}"
EndProject
Project("{9A19103F-16F7-4668-BE54-9A1E7A4F7556}") = "NullAsNothingRefactored_NRT", "NullAsNothingRefactored_NRT\NullAsNothingRefactored_NRT.csproj", "{113960AC-2BE6-43E7-86BD-987DEEF4A374}"
EndProject
Project("{FAE04EC0-301F-11D3-BF4B-00C04F79EFBC}") = "Notebook", "Notebook\Notebook.csproj", "{468C77BC-C6EE-4ECE-BF08-9B9222912494}"
EndProject
Global
	GlobalSection(SolutionConfigurationPlatforms) = preSolution
		Debug|Any CPU = Debug|Any CPU
		Release|Any CPU = Release|Any CPU
	EndGlobalSection
	GlobalSection(ProjectConfigurationPlatforms) = postSolution
		{12E819A4-5303-4242-B05B-C2B8B5F5F4B2}.Debug|Any CPU.ActiveCfg = Debug|Any CPU
		{12E819A4-5303-4242-B05B-C2B8B5F5F4B2}.Debug|Any CPU.Build.0 = Debug|Any CPU
		{12E819A4-5303-4242-B05B-C2B8B5F5F4B2}.Release|Any CPU.ActiveCfg = Release|Any CPU
		{12E819A4-5303-4242-B05B-C2B8B5F5F4B2}.Release|Any CPU.Build.0 = Release|Any CPU
		{35A519F0-2976-47A9-9A52-661A1305BDB1}.Debug|Any CPU.ActiveCfg = Debug|Any CPU
		{35A519F0-2976-47A9-9A52-661A1305BDB1}.Debug|Any CPU.Build.0 = Debug|Any CPU
		{35A519F0-2976-47A9-9A52-661A1305BDB1}.Release|Any CPU.ActiveCfg = Release|Any CPU
		{35A519F0-2976-47A9-9A52-661A1305BDB1}.Release|Any CPU.Build.0 = Release|Any CPU
		{B97F20E5-1CBF-4BF0-8869-3BF2DFBB41D0}.Debug|Any CPU.ActiveCfg = Debug|Any CPU
		{B97F20E5-1CBF-4BF0-8869-3BF2DFBB41D0}.Debug|Any CPU.Build.0 = Debug|Any CPU
		{B97F20E5-1CBF-4BF0-8869-3BF2DFBB41D0}.Release|Any CPU.ActiveCfg = Release|Any CPU
		{B97F20E5-1CBF-4BF0-8869-3BF2DFBB41D0}.Release|Any CPU.Build.0 = Release|Any CPU
		{7602C052-8BFA-4299-BE4C-EC27D66D0796}.Debug|Any CPU.ActiveCfg = Debug|Any CPU
		{7602C052-8BFA-4299-BE4C-EC27D66D0796}.Debug|Any CPU.Build.0 = Debug|Any CPU
		{7602C052-8BFA-4299-BE4C-EC27D66D0796}.Release|Any CPU.ActiveCfg = Release|Any CPU
		{7602C052-8BFA-4299-BE4C-EC27D66D0796}.Release|Any CPU.Build.0 = Release|Any CPU
		{92D986A6-5BD4-4E53-8B1A-44790A35280A}.Debug|Any CPU.ActiveCfg = Debug|Any CPU
		{92D986A6-5BD4-4E53-8B1A-44790A35280A}.Debug|Any CPU.Build.0 = Debug|Any CPU
		{92D986A6-5BD4-4E53-8B1A-44790A35280A}.Release|Any CPU.ActiveCfg = Release|Any CPU
		{92D986A6-5BD4-4E53-8B1A-44790A35280A}.Release|Any CPU.Build.0 = Release|Any CPU
		{B90714BE-7C34-454D-A17D-2BE2C6FB4477}.Debug|Any CPU.ActiveCfg = Debug|Any CPU
		{B90714BE-7C34-454D-A17D-2BE2C6FB4477}.Debug|Any CPU.Build.0 = Debug|Any CPU
		{B90714BE-7C34-454D-A17D-2BE2C6FB4477}.Release|Any CPU.ActiveCfg = Release|Any CPU
		{B90714BE-7C34-454D-A17D-2BE2C6FB4477}.Release|Any CPU.Build.0 = Release|Any CPU
		{713F5FD6-3F8D-4A51-A10A-558A016C25A0}.Debug|Any CPU.ActiveCfg = Debug|Any CPU
		{713F5FD6-3F8D-4A51-A10A-558A016C25A0}.Debug|Any CPU.Build.0 = Debug|Any CPU
		{713F5FD6-3F8D-4A51-A10A-558A016C25A0}.Release|Any CPU.ActiveCfg = Release|Any CPU
		{713F5FD6-3F8D-4A51-A10A-558A016C25A0}.Release|Any CPU.Build.0 = Release|Any CPU
		{113960AC-2BE6-43E7-86BD-987DEEF4A374}.Debug|Any CPU.ActiveCfg = Debug|Any CPU
		{113960AC-2BE6-43E7-86BD-987DEEF4A374}.Debug|Any CPU.Build.0 = Debug|Any CPU
		{113960AC-2BE6-43E7-86BD-987DEEF4A374}.Release|Any CPU.ActiveCfg = Release|Any CPU
		{113960AC-2BE6-43E7-86BD-987DEEF4A374}.Release|Any CPU.Build.0 = Release|Any CPU
		{468C77BC-C6EE-4ECE-BF08-9B9222912494}.Debug|Any CPU.ActiveCfg = Debug|Any CPU
		{468C77BC-C6EE-4ECE-BF08-9B9222912494}.Debug|Any CPU.Build.0 = Debug|Any CPU
		{468C77BC-C6EE-4ECE-BF08-9B9222912494}.Release|Any CPU.ActiveCfg = Release|Any CPU
		{468C77BC-C6EE-4ECE-BF08-9B9222912494}.Release|Any CPU.Build.0 = Release|Any CPU
	EndGlobalSection
	GlobalSection(SolutionProperties) = preSolution
		HideSolutionNode = FALSE
	EndGlobalSection
	GlobalSection(ExtensibilityGlobals) = postSolution
		SolutionGuid = {DA809F8B-A958-44E3-8AE0-45A6B7F7DB88}
	EndGlobalSection
EndGlobal
